
Microsoft Visual Studio Solution File, Format Version 12.00
# Visual Studio Version 16
VisualStudioVersion = 16.0.810.17
MinimumVisualStudioVersion = 10.0.40219.1
Project("{FAE04EC0-301F-11D3-BF4B-00C04F79EFBC}") = "MyForms.Android", "MyForms.Android\MyForms.Android.csproj", "{A0F9260E-AAED-4B35-A26D-A4B64D00EBF8}"
EndProject
Project("{FAE04EC0-301F-11D3-BF4B-00C04F79EFBC}") = "MyForms.iOS", "MyForms.iOS\MyForms.iOS.csproj", "{32669064-DDE7-485A-8C05-0554F1458213}"
EndProject
Project("{FAE04EC0-301F-11D3-BF4B-00C04F79EFBC}") = "MyForms", "MyForms\MyForms.csproj", "{69C53A34-308B-47FA-A097-031219D8DF45}"
EndProject
Global
	GlobalSection(SolutionConfigurationPlatforms) = preSolution
		Debug|Any CPU = Debug|Any CPU
		Release|Any CPU = Release|Any CPU
		Debug|iPhoneSimulator = Debug|iPhoneSimulator
		Release|iPhoneSimulator = Release|iPhoneSimulator
		Debug|iPhone = Debug|iPhone
		Release|iPhone = Release|iPhone
	EndGlobalSection
	GlobalSection(ProjectConfigurationPlatforms) = postSolution
		{A0F9260E-AAED-4B35-A26D-A4B64D00EBF8}.Debug|Any CPU.ActiveCfg = Debug|Any CPU
		{A0F9260E-AAED-4B35-A26D-A4B64D00EBF8}.Debug|Any CPU.Build.0 = Debug|Any CPU
		{A0F9260E-AAED-4B35-A26D-A4B64D00EBF8}.Release|Any CPU.ActiveCfg = Release|Any CPU
		{A0F9260E-AAED-4B35-A26D-A4B64D00EBF8}.Release|Any CPU.Build.0 = Release|Any CPU
		{A0F9260E-AAED-4B35-A26D-A4B64D00EBF8}.Debug|iPhoneSimulator.ActiveCfg = Debug|Any CPU
		{A0F9260E-AAED-4B35-A26D-A4B64D00EBF8}.Debug|iPhoneSimulator.Build.0 = Debug|Any CPU
		{A0F9260E-AAED-4B35-A26D-A4B64D00EBF8}.Release|iPhoneSimulator.ActiveCfg = Release|Any CPU
		{A0F9260E-AAED-4B35-A26D-A4B64D00EBF8}.Release|iPhoneSimulator.Build.0 = Release|Any CPU
		{A0F9260E-AAED-4B35-A26D-A4B64D00EBF8}.Debug|iPhone.ActiveCfg = Debug|Any CPU
		{A0F9260E-AAED-4B35-A26D-A4B64D00EBF8}.Debug|iPhone.Build.0 = Debug|Any CPU
		{A0F9260E-AAED-4B35-A26D-A4B64D00EBF8}.Release|iPhone.ActiveCfg = Release|Any CPU
		{A0F9260E-AAED-4B35-A26D-A4B64D00EBF8}.Release|iPhone.Build.0 = Release|Any CPU
		{32669064-DDE7-485A-8C05-0554F1458213}.Debug|Any CPU.ActiveCfg = Debug|iPhoneSimulator
		{32669064-DDE7-485A-8C05-0554F1458213}.Debug|Any CPU.Build.0 = Debug|iPhoneSimulator
		{32669064-DDE7-485A-8C05-0554F1458213}.Release|Any CPU.ActiveCfg = Release|iPhoneSimulator
		{32669064-DDE7-485A-8C05-0554F1458213}.Release|Any CPU.Build.0 = Release|iPhoneSimulator
		{32669064-DDE7-485A-8C05-0554F1458213}.Debug|iPhoneSimulator.ActiveCfg = Debug|iPhoneSimulator
		{32669064-DDE7-485A-8C05-0554F1458213}.Debug|iPhoneSimulator.Build.0 = Debug|iPhoneSimulator
		{32669064-DDE7-485A-8C05-0554F1458213}.Release|iPhoneSimulator.ActiveCfg = Release|iPhoneSimulator
		{32669064-DDE7-485A-8C05-0554F1458213}.Release|iPhoneSimulator.Build.0 = Release|iPhoneSimulator
		{32669064-DDE7-485A-8C05-0554F1458213}.Debug|iPhone.ActiveCfg = Debug|iPhone
		{32669064-DDE7-485A-8C05-0554F1458213}.Debug|iPhone.Build.0 = Debug|iPhone
		{32669064-DDE7-485A-8C05-0554F1458213}.Release|iPhone.ActiveCfg = Release|iPhone
		{32669064-DDE7-485A-8C05-0554F1458213}.Release|iPhone.Build.0 = Release|iPhone
		{69C53A34-308B-47FA-A097-031219D8DF45}.Debug|Any CPU.ActiveCfg = Debug|Any CPU
		{69C53A34-308B-47FA-A097-031219D8DF45}.Debug|Any CPU.Build.0 = Debug|Any CPU
		{69C53A34-308B-47FA-A097-031219D8DF45}.Release|Any CPU.ActiveCfg = Release|Any CPU
		{69C53A34-308B-47FA-A097-031219D8DF45}.Release|Any CPU.Build.0 = Release|Any CPU
		{69C53A34-308B-47FA-A097-031219D8DF45}.Debug|iPhoneSimulator.ActiveCfg = Debug|Any CPU
		{69C53A34-308B-47FA-A097-031219D8DF45}.Debug|iPhoneSimulator.Build.0 = Debug|Any CPU
		{69C53A34-308B-47FA-A097-031219D8DF45}.Release|iPhoneSimulator.ActiveCfg = Release|Any CPU
		{69C53A34-308B-47FA-A097-031219D8DF45}.Release|iPhoneSimulator.Build.0 = Release|Any CPU
		{69C53A34-308B-47FA-A097-031219D8DF45}.Debug|iPhone.ActiveCfg = Debug|Any CPU
		{69C53A34-308B-47FA-A097-031219D8DF45}.Debug|iPhone.Build.0 = Debug|Any CPU
		{69C53A34-308B-47FA-A097-031219D8DF45}.Release|iPhone.ActiveCfg = Release|Any CPU
		{69C53A34-308B-47FA-A097-031219D8DF45}.Release|iPhone.Build.0 = Release|Any CPU
	EndGlobalSection
	GlobalSection(SolutionProperties) = preSolution
		HideSolutionNode = FALSE
	EndGlobalSection
	GlobalSection(ExtensibilityGlobals) = postSolution
		SolutionGuid = {6F87E366-8397-409F-9A23-39BE6A6578EE}
	EndGlobalSection
EndGlobal
